
Microsoft Visual Studio Solution File, Format Version 12.00
# Visual Studio Version 17
VisualStudioVersion = 17.0.32014.148
MinimumVisualStudioVersion = 10.0.40219.1
Project("{FAE04EC0-301F-11D3-BF4B-00C04F79EFBC}") = "FE-EjercicioSofttek", "FE-EjercicioSofttek\FE-EjercicioSofttek.csproj", "{448789AC-EEF3-4190-9EE3-287CED6637B9}"
EndProject
Global
	GlobalSection(SolutionConfigurationPlatforms) = preSolution
		Debug|Any CPU = Debug|Any CPU
		Release|Any CPU = Release|Any CPU
	EndGlobalSection
	GlobalSection(ProjectConfigurationPlatforms) = postSolution
		{448789AC-EEF3-4190-9EE3-287CED6637B9}.Debug|Any CPU.ActiveCfg = Debug|Any CPU
		{448789AC-EEF3-4190-9EE3-287CED6637B9}.Debug|Any CPU.Build.0 = Debug|Any CPU
		{448789AC-EEF3-4190-9EE3-287CED6637B9}.Release|Any CPU.ActiveCfg = Release|Any CPU
		{448789AC-EEF3-4190-9EE3-287CED6637B9}.Release|Any CPU.Build.0 = Release|Any CPU
	EndGlobalSection
	GlobalSection(SolutionProperties) = preSolution
		HideSolutionNode = FALSE
	EndGlobalSection
	GlobalSection(ExtensibilityGlobals) = postSolution
		SolutionGuid = {588454AA-43C8-47D1-B19E-51D1556F8F5C}
	EndGlobalSection
EndGlobal
